
Microsoft Visual Studio Solution File, Format Version 12.00
# Visual Studio Version 16
VisualStudioVersion = 16.0.29613.14
MinimumVisualStudioVersion = 10.0.40219.1
Project("{FAE04EC0-301F-11D3-BF4B-00C04F79EFBC}") = "Gasoline_sorter_verbetering_5ITN", "Gasoline_sorter_verbetering_5ITN\Gasoline_sorter_verbetering_5ITN.csproj", "{C6597475-A5D3-4661-A874-B833E0BAC111}"
EndProject
Global
	GlobalSection(SolutionConfigurationPlatforms) = preSolution
		Debug|Any CPU = Debug|Any CPU
		Release|Any CPU = Release|Any CPU
	EndGlobalSection
	GlobalSection(ProjectConfigurationPlatforms) = postSolution
		{C6597475-A5D3-4661-A874-B833E0BAC111}.Debug|Any CPU.ActiveCfg = Debug|Any CPU
		{C6597475-A5D3-4661-A874-B833E0BAC111}.Debug|Any CPU.Build.0 = Debug|Any CPU
		{C6597475-A5D3-4661-A874-B833E0BAC111}.Release|Any CPU.ActiveCfg = Release|Any CPU
		{C6597475-A5D3-4661-A874-B833E0BAC111}.Release|Any CPU.Build.0 = Release|Any CPU
	EndGlobalSection
	GlobalSection(SolutionProperties) = preSolution
		HideSolutionNode = FALSE
	EndGlobalSection
	GlobalSection(ExtensibilityGlobals) = postSolution
		SolutionGuid = {83B0F18F-E65E-49E8-A9EA-0BF5E6367C36}
	EndGlobalSection
EndGlobal
